
Microsoft Visual Studio Solution File, Format Version 12.00
# Visual Studio Version 17
VisualStudioVersion = 17.5.33530.505
MinimumVisualStudioVersion = 10.0.40219.1
Project("{9A19103F-16F7-4668-BE54-9A1E7A4F7556}") = "PublisherDomain", "PublisherDomain\PublisherDomain.csproj", "{1FDEC89E-AB0C-4A21-A1F6-B55D8BD230F9}"
EndProject
Project("{9A19103F-16F7-4668-BE54-9A1E7A4F7556}") = "PublisherData", "PublisherData\PublisherData.csproj", "{1E9BF39F-93A4-4E4D-B79B-00AF3A56F3B1}"
EndProject
Project("{9A19103F-16F7-4668-BE54-9A1E7A4F7556}") = "PubAPI", "PubAPI\PubAPI.csproj", "{7B273FA8-1C0C-4DB7-BA42-80B8C942BF59}"
EndProject
Project("{FAE04EC0-301F-11D3-BF4B-00C04F79EFBC}") = "PubAPITests", "PubAPITests\PubAPITests.csproj", "{0F9F0E01-A729-41B8-AB11-C027CAEBF41C}"
EndProject
Global
	GlobalSection(SolutionConfigurationPlatforms) = preSolution
		Debug|Any CPU = Debug|Any CPU
		Release|Any CPU = Release|Any CPU
	EndGlobalSection
	GlobalSection(ProjectConfigurationPlatforms) = postSolution
		{1FDEC89E-AB0C-4A21-A1F6-B55D8BD230F9}.Debug|Any CPU.ActiveCfg = Debug|Any CPU
		{1FDEC89E-AB0C-4A21-A1F6-B55D8BD230F9}.Debug|Any CPU.Build.0 = Debug|Any CPU
		{1FDEC89E-AB0C-4A21-A1F6-B55D8BD230F9}.Release|Any CPU.ActiveCfg = Release|Any CPU
		{1FDEC89E-AB0C-4A21-A1F6-B55D8BD230F9}.Release|Any CPU.Build.0 = Release|Any CPU
		{1E9BF39F-93A4-4E4D-B79B-00AF3A56F3B1}.Debug|Any CPU.ActiveCfg = Debug|Any CPU
		{1E9BF39F-93A4-4E4D-B79B-00AF3A56F3B1}.Debug|Any CPU.Build.0 = Debug|Any CPU
		{1E9BF39F-93A4-4E4D-B79B-00AF3A56F3B1}.Release|Any CPU.ActiveCfg = Release|Any CPU
		{1E9BF39F-93A4-4E4D-B79B-00AF3A56F3B1}.Release|Any CPU.Build.0 = Release|Any CPU
		{7B273FA8-1C0C-4DB7-BA42-80B8C942BF59}.Debug|Any CPU.ActiveCfg = Debug|Any CPU
		{7B273FA8-1C0C-4DB7-BA42-80B8C942BF59}.Debug|Any CPU.Build.0 = Debug|Any CPU
		{7B273FA8-1C0C-4DB7-BA42-80B8C942BF59}.Release|Any CPU.ActiveCfg = Release|Any CPU
		{7B273FA8-1C0C-4DB7-BA42-80B8C942BF59}.Release|Any CPU.Build.0 = Release|Any CPU
		{0F9F0E01-A729-41B8-AB11-C027CAEBF41C}.Debug|Any CPU.ActiveCfg = Debug|Any CPU
		{0F9F0E01-A729-41B8-AB11-C027CAEBF41C}.Debug|Any CPU.Build.0 = Debug|Any CPU
		{0F9F0E01-A729-41B8-AB11-C027CAEBF41C}.Release|Any CPU.ActiveCfg = Release|Any CPU
		{0F9F0E01-A729-41B8-AB11-C027CAEBF41C}.Release|Any CPU.Build.0 = Release|Any CPU
	EndGlobalSection
	GlobalSection(SolutionProperties) = preSolution
		HideSolutionNode = FALSE
	EndGlobalSection
	GlobalSection(ExtensibilityGlobals) = postSolution
		SolutionGuid = {54D334E1-1A2C-45A5-B159-79235A6D9048}
	EndGlobalSection
EndGlobal
